
Microsoft Visual Studio Solution File, Format Version 12.00
# Visual Studio Version 17
VisualStudioVersion = 17.5.33530.505
MinimumVisualStudioVersion = 10.0.40219.1
Project("{9A19103F-16F7-4668-BE54-9A1E7A4F7556}") = "WebApi", "src\WebApi\WebApi.csproj", "{8D37C655-719F-40A6-B60F-2DB869F8A723}"
EndProject
Project("{2150E333-8FDC-42A3-9474-1A3956D46DE8}") = "Solution Items", "Solution Items", "{FFFA4DF3-AAA3-4B04-B36C-D401A6DF4C37}"
	ProjectSection(SolutionItems) = preProject
		.dockerignore = .dockerignore
		.editorconfig = .editorconfig
		.gitignore = .gitignore
		compose.yml = compose.yml
		.docker\otel-collector.yaml = .docker\otel-collector.yaml
		README.md = README.md
		.docker\splunk.yml = .docker\splunk.yml
	EndProjectSection
EndProject
Global
	GlobalSection(SolutionConfigurationPlatforms) = preSolution
		Debug|Any CPU = Debug|Any CPU
		Release|Any CPU = Release|Any CPU
	EndGlobalSection
	GlobalSection(ProjectConfigurationPlatforms) = postSolution
		{8D37C655-719F-40A6-B60F-2DB869F8A723}.Debug|Any CPU.ActiveCfg = Debug|Any CPU
		{8D37C655-719F-40A6-B60F-2DB869F8A723}.Debug|Any CPU.Build.0 = Debug|Any CPU
		{8D37C655-719F-40A6-B60F-2DB869F8A723}.Release|Any CPU.ActiveCfg = Release|Any CPU
		{8D37C655-719F-40A6-B60F-2DB869F8A723}.Release|Any CPU.Build.0 = Release|Any CPU
	EndGlobalSection
	GlobalSection(SolutionProperties) = preSolution
		HideSolutionNode = FALSE
	EndGlobalSection
	GlobalSection(ExtensibilityGlobals) = postSolution
		SolutionGuid = {DC80E4EB-84DF-4C95-BB9B-497CB7372545}
	EndGlobalSection
EndGlobal
